
Microsoft Visual Studio Solution File, Format Version 12.00
# Visual Studio 14
VisualStudioVersion = 14.0.25123.0
MinimumVisualStudioVersion = 10.0.40219.1
Project("{FAE04EC0-301F-11D3-BF4B-00C04F79EFBC}") = "FreeRaider.Loader", "FreeRaider.Loader\FreeRaider.Loader.csproj", "{9D86F28A-4375-4C47-85E5-AF7F6E123EB4}"
EndProject
Project("{FAE04EC0-301F-11D3-BF4B-00C04F79EFBC}") = "FreeRaider.TestApp", "FreeRaider.TestApp\FreeRaider.TestApp.csproj", "{C0D4AEEC-D8D6-46CA-BE3D-BF2A9606D63D}"
EndProject
Project("{FAE04EC0-301F-11D3-BF4B-00C04F79EFBC}") = "FreeRaider", "FreeRaider\FreeRaider.csproj", "{CB771C19-AD67-47C4-B65A-2706F41DD5B8}"
	ProjectSection(ProjectDependencies) = postProject
		{AB815E2D-29A0-4ECF-977A-F988E4C83345} = {AB815E2D-29A0-4ECF-977A-F988E4C83345}
		{ECB5C1B2-F1A6-4198-9F9E-DDA9C97770A3} = {ECB5C1B2-F1A6-4198-9F9E-DDA9C97770A3}
	EndProjectSection
EndProject
Project("{8BC9CEB8-8B4A-11D0-8D11-00A0C91BC942}") = "libsndfile-1", "..\LibSndFile.NET\libsndfile-1.vcxproj", "{AB815E2D-29A0-4ECF-977A-F988E4C83345}"
EndProject
Project("{8BC9CEB8-8B4A-11D0-8D11-00A0C91BC942}") = "LibSndFile.NET", "..\LibSndFile.NET\LibSndFile.NET.vcxproj", "{ECB5C1B2-F1A6-4198-9F9E-DDA9C97770A3}"
EndProject
Project("{FAE04EC0-301F-11D3-BF4B-00C04F79EFBC}") = "SDL2-CS", "..\SDL2-CS\SDL2-CS.csproj", "{85480198-8711-4355-830E-72FD794AD3F6}"
EndProject
Global
	GlobalSection(SolutionConfigurationPlatforms) = preSolution
		Debug|Any CPU = Debug|Any CPU
		Debug|x64 = Debug|x64
		Debug|x86 = Debug|x86
		Release|Any CPU = Release|Any CPU
		Release|x64 = Release|x64
		Release|x86 = Release|x86
	EndGlobalSection
	GlobalSection(ProjectConfigurationPlatforms) = postSolution
		{9D86F28A-4375-4C47-85E5-AF7F6E123EB4}.Debug|Any CPU.ActiveCfg = Debug|Any CPU
		{9D86F28A-4375-4C47-85E5-AF7F6E123EB4}.Debug|Any CPU.Build.0 = Debug|Any CPU
		{9D86F28A-4375-4C47-85E5-AF7F6E123EB4}.Debug|x64.ActiveCfg = Debug|Any CPU
		{9D86F28A-4375-4C47-85E5-AF7F6E123EB4}.Debug|x64.Build.0 = Debug|Any CPU
		{9D86F28A-4375-4C47-85E5-AF7F6E123EB4}.Debug|x86.ActiveCfg = Debug|Any CPU
		{9D86F28A-4375-4C47-85E5-AF7F6E123EB4}.Debug|x86.Build.0 = Debug|Any CPU
		{9D86F28A-4375-4C47-85E5-AF7F6E123EB4}.Release|Any CPU.ActiveCfg = Release|Any CPU
		{9D86F28A-4375-4C47-85E5-AF7F6E123EB4}.Release|Any CPU.Build.0 = Release|Any CPU
		{9D86F28A-4375-4C47-85E5-AF7F6E123EB4}.Release|x64.ActiveCfg = Release|Any CPU
		{9D86F28A-4375-4C47-85E5-AF7F6E123EB4}.Release|x64.Build.0 = Release|Any CPU
		{9D86F28A-4375-4C47-85E5-AF7F6E123EB4}.Release|x86.ActiveCfg = Release|Any CPU
		{9D86F28A-4375-4C47-85E5-AF7F6E123EB4}.Release|x86.Build.0 = Release|Any CPU
		{C0D4AEEC-D8D6-46CA-BE3D-BF2A9606D63D}.Debug|Any CPU.ActiveCfg = Debug|Any CPU
		{C0D4AEEC-D8D6-46CA-BE3D-BF2A9606D63D}.Debug|Any CPU.Build.0 = Debug|Any CPU
		{C0D4AEEC-D8D6-46CA-BE3D-BF2A9606D63D}.Debug|x64.ActiveCfg = Debug|Any CPU
		{C0D4AEEC-D8D6-46CA-BE3D-BF2A9606D63D}.Debug|x64.Build.0 = Debug|Any CPU
		{C0D4AEEC-D8D6-46CA-BE3D-BF2A9606D63D}.Debug|x86.ActiveCfg = Debug|Any CPU
		{C0D4AEEC-D8D6-46CA-BE3D-BF2A9606D63D}.Debug|x86.Build.0 = Debug|Any CPU
		{C0D4AEEC-D8D6-46CA-BE3D-BF2A9606D63D}.Release|Any CPU.ActiveCfg = Release|Any CPU
		{C0D4AEEC-D8D6-46CA-BE3D-BF2A9606D63D}.Release|Any CPU.Build.0 = Release|Any CPU
		{C0D4AEEC-D8D6-46CA-BE3D-BF2A9606D63D}.Release|x64.ActiveCfg = Release|Any CPU
		{C0D4AEEC-D8D6-46CA-BE3D-BF2A9606D63D}.Release|x64.Build.0 = Release|Any CPU
		{C0D4AEEC-D8D6-46CA-BE3D-BF2A9606D63D}.Release|x86.ActiveCfg = Release|Any CPU
		{C0D4AEEC-D8D6-46CA-BE3D-BF2A9606D63D}.Release|x86.Build.0 = Release|Any CPU
		{CB771C19-AD67-47C4-B65A-2706F41DD5B8}.Debug|Any CPU.ActiveCfg = Debug|Any CPU
		{CB771C19-AD67-47C4-B65A-2706F41DD5B8}.Debug|Any CPU.Build.0 = Debug|Any CPU
		{CB771C19-AD67-47C4-B65A-2706F41DD5B8}.Debug|x64.ActiveCfg = Debug|Any CPU
		{CB771C19-AD67-47C4-B65A-2706F41DD5B8}.Debug|x64.Build.0 = Debug|Any CPU
		{CB771C19-AD67-47C4-B65A-2706F41DD5B8}.Debug|x86.ActiveCfg = Debug|Any CPU
		{CB771C19-AD67-47C4-B65A-2706F41DD5B8}.Debug|x86.Build.0 = Debug|Any CPU
		{CB771C19-AD67-47C4-B65A-2706F41DD5B8}.Release|Any CPU.ActiveCfg = Release|Any CPU
		{CB771C19-AD67-47C4-B65A-2706F41DD5B8}.Release|Any CPU.Build.0 = Release|Any CPU
		{CB771C19-AD67-47C4-B65A-2706F41DD5B8}.Release|x64.ActiveCfg = Release|Any CPU
		{CB771C19-AD67-47C4-B65A-2706F41DD5B8}.Release|x64.Build.0 = Release|Any CPU
		{CB771C19-AD67-47C4-B65A-2706F41DD5B8}.Release|x86.ActiveCfg = Release|Any CPU
		{CB771C19-AD67-47C4-B65A-2706F41DD5B8}.Release|x86.Build.0 = Release|Any CPU
		{AB815E2D-29A0-4ECF-977A-F988E4C83345}.Debug|Any CPU.ActiveCfg = Debug|Win32
		{AB815E2D-29A0-4ECF-977A-F988E4C83345}.Debug|Any CPU.Build.0 = Debug|Win32
		{AB815E2D-29A0-4ECF-977A-F988E4C83345}.Debug|x64.ActiveCfg = Debug|Win32
		{AB815E2D-29A0-4ECF-977A-F988E4C83345}.Debug|x86.ActiveCfg = Debug|Win32
		{AB815E2D-29A0-4ECF-977A-F988E4C83345}.Debug|x86.Build.0 = Debug|Win32
		{AB815E2D-29A0-4ECF-977A-F988E4C83345}.Release|Any CPU.ActiveCfg = Release|Win32
		{AB815E2D-29A0-4ECF-977A-F988E4C83345}.Release|x64.ActiveCfg = Release|Win32
		{AB815E2D-29A0-4ECF-977A-F988E4C83345}.Release|x86.ActiveCfg = Release|Win32
		{AB815E2D-29A0-4ECF-977A-F988E4C83345}.Release|x86.Build.0 = Release|Win32
		{ECB5C1B2-F1A6-4198-9F9E-DDA9C97770A3}.Debug|Any CPU.ActiveCfg = Debug|Win32
		{ECB5C1B2-F1A6-4198-9F9E-DDA9C97770A3}.Debug|Any CPU.Build.0 = Debug|Win32
		{ECB5C1B2-F1A6-4198-9F9E-DDA9C97770A3}.Debug|x64.ActiveCfg = Debug|Win32
		{ECB5C1B2-F1A6-4198-9F9E-DDA9C97770A3}.Debug|x86.ActiveCfg = Debug|Win32
		{ECB5C1B2-F1A6-4198-9F9E-DDA9C97770A3}.Debug|x86.Build.0 = Debug|Win32
		{ECB5C1B2-F1A6-4198-9F9E-DDA9C97770A3}.Release|Any CPU.ActiveCfg = Release|Win32
		{ECB5C1B2-F1A6-4198-9F9E-DDA9C97770A3}.Release|x64.ActiveCfg = Release|Win32
		{ECB5C1B2-F1A6-4198-9F9E-DDA9C97770A3}.Release|x86.ActiveCfg = Release|Win32
		{ECB5C1B2-F1A6-4198-9F9E-DDA9C97770A3}.Release|x86.Build.0 = Release|Win32
		{85480198-8711-4355-830E-72FD794AD3F6}.Debug|Any CPU.ActiveCfg = Debug|Any CPU
		{85480198-8711-4355-830E-72FD794AD3F6}.Debug|Any CPU.Build.0 = Debug|Any CPU
		{85480198-8711-4355-830E-72FD794AD3F6}.Debug|x64.ActiveCfg = Debug|x64
		{85480198-8711-4355-830E-72FD794AD3F6}.Debug|x64.Build.0 = Debug|x64
		{85480198-8711-4355-830E-72FD794AD3F6}.Debug|x86.ActiveCfg = Debug|x86
		{85480198-8711-4355-830E-72FD794AD3F6}.Debug|x86.Build.0 = Debug|x86
		{85480198-8711-4355-830E-72FD794AD3F6}.Release|Any CPU.ActiveCfg = Release|Any CPU
		{85480198-8711-4355-830E-72FD794AD3F6}.Release|Any CPU.Build.0 = Release|Any CPU
		{85480198-8711-4355-830E-72FD794AD3F6}.Release|x64.ActiveCfg = Release|x64
		{85480198-8711-4355-830E-72FD794AD3F6}.Release|x64.Build.0 = Release|x64
		{85480198-8711-4355-830E-72FD794AD3F6}.Release|x86.ActiveCfg = Release|x86
		{85480198-8711-4355-830E-72FD794AD3F6}.Release|x86.Build.0 = Release|x86
	EndGlobalSection
	GlobalSection(SolutionProperties) = preSolution
		HideSolutionNode = FALSE
	EndGlobalSection
	GlobalSection(CodealikeProperties) = postSolution
		SolutionGuid = 16e5580d-bf0d-4b38-b592-37a8c73754f2
	EndGlobalSection
EndGlobal
