<?xml version="1.0" encoding="utf-8"?>
<Project ToolsVersion="4.0" xmlns="http://schemas.microsoft.com/developer/msbuild/2003">
  <ItemGroup>
    <Filter Include="Source Files">
      <UniqueIdentifier>{4FC737F1-C7A5-4376-A066-2A32D752A2FF}</UniqueIdentifier>
      <Extensions>cpp;c;cc;cxx;def;odl;idl;hpj;bat;asm;asmx</Extensions>
    </Filter>
    <Filter Include="Header Files">
      <UniqueIdentifier>{93995380-89BD-4b04-88EB-625FBE52EBFB}</UniqueIdentifier>
      <Extensions>h;hpp;hxx;hm;inl;inc;xsd</Extensions>
    </Filter>
    <Filter Include="Resource Files">
      <UniqueIdentifier>{67DA6AB6-F800-4c08-8B7A-83BB121AAD01}</UniqueIdentifier>
      <Extensions>rc;ico;cur;bmp;dlg;rc2;rct;bin;rgs;gif;jpg;jpeg;jpe;resx;tiff;tif;png;wav</Extensions>
    </Filter>
    <Filter Include="G72X">
      <UniqueIdentifier>{6fba37af-589c-4a96-846a-b824aaf4d0d4}</UniqueIdentifier>
    </Filter>
    <Filter Include="GSM610">
      <UniqueIdentifier>{fcf4b2c1-2c12-446c-ba71-03d6d2b46d6a}</UniqueIdentifier>
    </Filter>
  </ItemGroup>
  <ItemGroup>
    <ClCompile Include="aiff.c">
      <Filter>Source Files</Filter>
    </ClCompile>
    <ClCompile Include="alaw.c">
      <Filter>Source Files</Filter>
    </ClCompile>
    <ClCompile Include="au.c">
      <Filter>Source Files</Filter>
    </ClCompile>
    <ClCompile Include="audio_detect.c">
      <Filter>Source Files</Filter>
    </ClCompile>
    <ClCompile Include="avr.c">
      <Filter>Source Files</Filter>
    </ClCompile>
    <ClCompile Include="broadcast.c">
      <Filter>Source Files</Filter>
    </ClCompile>
    <ClCompile Include="caf.c">
      <Filter>Source Files</Filter>
    </ClCompile>
    <ClCompile Include="chanmap.c">
      <Filter>Source Files</Filter>
    </ClCompile>
    <ClCompile Include="chunk.c">
      <Filter>Source Files</Filter>
    </ClCompile>
    <ClCompile Include="command.c">
      <Filter>Source Files</Filter>
    </ClCompile>
    <ClCompile Include="common.c">
      <Filter>Source Files</Filter>
    </ClCompile>
    <ClCompile Include="dither.c">
      <Filter>Source Files</Filter>
    </ClCompile>
    <ClCompile Include="double64.c">
      <Filter>Source Files</Filter>
    </ClCompile>
    <ClCompile Include="dwd.c">
      <Filter>Source Files</Filter>
    </ClCompile>
    <ClCompile Include="dwvw.c">
      <Filter>Source Files</Filter>
    </ClCompile>
    <ClCompile Include="file_io.c">
      <Filter>Source Files</Filter>
    </ClCompile>
    <ClCompile Include="flac.c">
      <Filter>Source Files</Filter>
    </ClCompile>
    <ClCompile Include="float32.c">
      <Filter>Source Files</Filter>
    </ClCompile>
    <ClCompile Include="g72x.c">
      <Filter>Source Files</Filter>
    </ClCompile>
    <ClCompile Include="G72x\g721.c">
      <Filter>Source Files</Filter>
    </ClCompile>
    <ClCompile Include="G72x\g723_16.c">
      <Filter>Source Files</Filter>
    </ClCompile>
    <ClCompile Include="G72x\g723_24.c">
      <Filter>Source Files</Filter>
    </ClCompile>
    <ClCompile Include="G72x\g723_40.c">
      <Filter>Source Files</Filter>
    </ClCompile>
    <ClCompile Include="G72x\g72x.c">
      <Filter>Source Files</Filter>
    </ClCompile>
    <ClCompile Include="gsm610.c">
      <Filter>Source Files</Filter>
    </ClCompile>
    <ClCompile Include="GSM610\add.c">
      <Filter>Source Files</Filter>
    </ClCompile>
    <ClCompile Include="GSM610\code.c">
      <Filter>Source Files</Filter>
    </ClCompile>
    <ClCompile Include="GSM610\decode.c">
      <Filter>Source Files</Filter>
    </ClCompile>
    <ClCompile Include="GSM610\gsm_create.c">
      <Filter>Source Files</Filter>
    </ClCompile>
    <ClCompile Include="GSM610\gsm_decode.c">
      <Filter>Source Files</Filter>
    </ClCompile>
    <ClCompile Include="GSM610\gsm_destroy.c">
      <Filter>Source Files</Filter>
    </ClCompile>
    <ClCompile Include="GSM610\gsm_encode.c">
      <Filter>Source Files</Filter>
    </ClCompile>
    <ClCompile Include="GSM610\gsm_option.c">
      <Filter>Source Files</Filter>
    </ClCompile>
    <ClCompile Include="GSM610\long_term.c">
      <Filter>Source Files</Filter>
    </ClCompile>
    <ClCompile Include="GSM610\lpc.c">
      <Filter>Source Files</Filter>
    </ClCompile>
    <ClCompile Include="GSM610\preprocess.c">
      <Filter>Source Files</Filter>
    </ClCompile>
    <ClCompile Include="GSM610\rpe.c">
      <Filter>Source Files</Filter>
    </ClCompile>
    <ClCompile Include="GSM610\short_term.c">
      <Filter>Source Files</Filter>
    </ClCompile>
    <ClCompile Include="GSM610\table.c">
      <Filter>Source Files</Filter>
    </ClCompile>
    <ClCompile Include="htk.c">
      <Filter>Source Files</Filter>
    </ClCompile>
    <ClCompile Include="ima_adpcm.c">
      <Filter>Source Files</Filter>
    </ClCompile>
    <ClCompile Include="ima_oki_adpcm.c">
      <Filter>Source Files</Filter>
    </ClCompile>
    <ClCompile Include="interleave.c">
      <Filter>Source Files</Filter>
    </ClCompile>
    <ClCompile Include="ircam.c">
      <Filter>Source Files</Filter>
    </ClCompile>
    <ClCompile Include="macbinary3.c">
      <Filter>Source Files</Filter>
    </ClCompile>
    <ClCompile Include="macos.c">
      <Filter>Source Files</Filter>
    </ClCompile>
    <ClCompile Include="mat4.c">
      <Filter>Source Files</Filter>
    </ClCompile>
    <ClCompile Include="mat5.c">
      <Filter>Source Files</Filter>
    </ClCompile>
    <ClCompile Include="mpc2k.c">
      <Filter>Source Files</Filter>
    </ClCompile>
    <ClCompile Include="ms_adpcm.c">
      <Filter>Source Files</Filter>
    </ClCompile>
    <ClCompile Include="nist.c">
      <Filter>Source Files</Filter>
    </ClCompile>
    <ClCompile Include="ogg.c">
      <Filter>Source Files</Filter>
    </ClCompile>
    <ClCompile Include="paf.c">
      <Filter>Source Files</Filter>
    </ClCompile>
    <ClCompile Include="pcm.c">
      <Filter>Source Files</Filter>
    </ClCompile>
    <ClCompile Include="pvf.c">
      <Filter>Source Files</Filter>
    </ClCompile>
    <ClCompile Include="raw.c">
      <Filter>Source Files</Filter>
    </ClCompile>
    <ClCompile Include="rf64.c">
      <Filter>Source Files</Filter>
    </ClCompile>
    <ClCompile Include="rx2.c">
      <Filter>Source Files</Filter>
    </ClCompile>
    <ClCompile Include="sd2.c">
      <Filter>Source Files</Filter>
    </ClCompile>
    <ClCompile Include="sds.c">
      <Filter>Source Files</Filter>
    </ClCompile>
    <ClCompile Include="sndfile.c">
      <Filter>Source Files</Filter>
    </ClCompile>
    <ClCompile Include="strings.c">
      <Filter>Source Files</Filter>
    </ClCompile>
    <ClCompile Include="svx.c">
      <Filter>Source Files</Filter>
    </ClCompile>
    <ClCompile Include="txw.c">
      <Filter>Source Files</Filter>
    </ClCompile>
    <ClCompile Include="ulaw.c">
      <Filter>Source Files</Filter>
    </ClCompile>
    <ClCompile Include="voc.c">
      <Filter>Source Files</Filter>
    </ClCompile>
    <ClCompile Include="vox_adpcm.c">
      <Filter>Source Files</Filter>
    </ClCompile>
    <ClCompile Include="w64.c">
      <Filter>Source Files</Filter>
    </ClCompile>
    <ClCompile Include="wav.c">
      <Filter>Source Files</Filter>
    </ClCompile>
    <ClCompile Include="wav_w64.c">
      <Filter>Source Files</Filter>
    </ClCompile>
    <ClCompile Include="windows.c">
      <Filter>Source Files</Filter>
    </ClCompile>
    <ClCompile Include="wve.c">
      <Filter>Source Files</Filter>
    </ClCompile>
    <ClCompile Include="xi.c">
      <Filter>Source Files</Filter>
    </ClCompile>
  </ItemGroup>
  <ItemGroup>
    <ClInclude Include="chanmap.h">
      <Filter>Header Files</Filter>
    </ClInclude>
    <ClInclude Include="common.h">
      <Filter>Header Files</Filter>
    </ClInclude>
    <ClInclude Include="G72x\g72x.h">
      <Filter>Header Files</Filter>
    </ClInclude>
    <ClInclude Include="G72x\g72x_priv.h">
      <Filter>Header Files</Filter>
    </ClInclude>
    <ClInclude Include="GSM610\config.h">
      <Filter>Header Files</Filter>
    </ClInclude>
    <ClInclude Include="GSM610\gsm.h">
      <Filter>Header Files</Filter>
    </ClInclude>
    <ClInclude Include="GSM610\gsm610_priv.h">
      <Filter>Header Files</Filter>
    </ClInclude>
    <ClInclude Include="ima_oki_adpcm.h">
      <Filter>Header Files</Filter>
    </ClInclude>
    <ClInclude Include="sfconfig.h">
      <Filter>Header Files</Filter>
    </ClInclude>
    <ClInclude Include="sfendian.h">
      <Filter>Header Files</Filter>
    </ClInclude>
    <ClInclude Include="sf_unistd.h">
      <Filter>Header Files</Filter>
    </ClInclude>
    <ClInclude Include="test_main.h">
      <Filter>Header Files</Filter>
    </ClInclude>
    <ClInclude Include="wav_w64.h">
      <Filter>Header Files</Filter>
    </ClInclude>
    <ClInclude Include="..\win32\config.h">
      <Filter>Header Files</Filter>
    </ClInclude>
    <ClInclude Include="..\win32\inttypes.h">
      <Filter>Header Files</Filter>
    </ClInclude>
    <ClInclude Include="..\win32\sndfile.h">
      <Filter>Header Files</Filter>
    </ClInclude>
  </ItemGroup>
</Project>